// !$*UTF8*$!
{
	archiveVersion = 1;
	classes = {
	};
	objectVersion = 46;
	objects = {

/* Begin PBXBuildFile section */
		BA92EBDC1A229BBC00C56EB1 /* WatchKit.framework in Frameworks */ = {isa = PBXBuildFile; fileRef = BA92EBDB1A229BBC00C56EB1 /* WatchKit.framework */; };
		BA92EBE31A229BBC00C56EB1 /* InterfaceController.m in Sources */ = {isa = PBXBuildFile; fileRef = BA92EBE21A229BBC00C56EB1 /* InterfaceController.m */; };
		BA92EBE61A229BBC00C56EB1 /* NotificationController.m in Sources */ = {isa = PBXBuildFile; fileRef = BA92EBE51A229BBC00C56EB1 /* NotificationController.m */; };
		BA92EBE91A229BBC00C56EB1 /* GlanceController.m in Sources */ = {isa = PBXBuildFile; fileRef = BA92EBE81A229BBC00C56EB1 /* GlanceController.m */; };
		BA92EBEB1A229BBC00C56EB1 /* Images.xcassets in Resources */ = {isa = PBXBuildFile; fileRef = BA92EBEA1A229BBC00C56EB1 /* Images.xcassets */; };
		BA92EBEF1A229BBC00C56EB1 /* WatchNav Watch App.app in Resources */ = {isa = PBXBuildFile; fileRef = BA92EBEE1A229BBC00C56EB1 /* WatchNav Watch App.app */; };
		BA92EBF61A229BBC00C56EB1 /* Interface.storyboard in Resources */ = {isa = PBXBuildFile; fileRef = BA92EBF51A229BBC00C56EB1 /* Interface.storyboard */; };
		BA92EBF81A229BBC00C56EB1 /* Images.xcassets in Resources */ = {isa = PBXBuildFile; fileRef = BA92EBF71A229BBC00C56EB1 /* Images.xcassets */; };
		BA92EBFB1A229BBC00C56EB1 /* WatchNav WatchKit Extension.appex in Embed App Extensions */ = {isa = PBXBuildFile; fileRef = BA92EBD91A229BBC00C56EB1 /* WatchNav WatchKit Extension.appex */; settings = {ATTRIBUTES = (RemoveHeadersOnCopy, ); }; };
		BAA3CEF21A23A83300CE6D20 /* Map-App-big.png in Resources */ = {isa = PBXBuildFile; fileRef = BAA3CEF11A23A83300CE6D20 /* Map-App-big.png */; };
		BAA3CEF41A23A83A00CE6D20 /* Map-App.png in Resources */ = {isa = PBXBuildFile; fileRef = BAA3CEF31A23A83A00CE6D20 /* Map-App.png */; };
		BAFB9AF01A2274FC00D4B013 /* main.m in Sources */ = {isa = PBXBuildFile; fileRef = BAFB9AEF1A2274FC00D4B013 /* main.m */; };
		BAFB9AF31A2274FC00D4B013 /* AppDelegate.m in Sources */ = {isa = PBXBuildFile; fileRef = BAFB9AF21A2274FC00D4B013 /* AppDelegate.m */; };
		BAFB9AF61A2274FC00D4B013 /* ViewController.m in Sources */ = {isa = PBXBuildFile; fileRef = BAFB9AF51A2274FC00D4B013 /* ViewController.m */; };
		BAFB9AF91A2274FC00D4B013 /* Main.storyboard in Resources */ = {isa = PBXBuildFile; fileRef = BAFB9AF71A2274FC00D4B013 /* Main.storyboard */; };
		BAFB9AFB1A2274FC00D4B013 /* Images.xcassets in Resources */ = {isa = PBXBuildFile; fileRef = BAFB9AFA1A2274FC00D4B013 /* Images.xcassets */; };
		BAFB9AFE1A2274FC00D4B013 /* LaunchScreen.xib in Resources */ = {isa = PBXBuildFile; fileRef = BAFB9AFC1A2274FC00D4B013 /* LaunchScreen.xib */; };
		BAFB9B0A1A2274FC00D4B013 /* WatchNavTests.m in Sources */ = {isa = PBXBuildFile; fileRef = BAFB9B091A2274FC00D4B013 /* WatchNavTests.m */; };
		BAFB9B141A227C3200D4B013 /* MapKit.framework in Frameworks */ = {isa = PBXBuildFile; fileRef = BAFB9B131A227C3200D4B013 /* MapKit.framework */; };
		BAFB9B161A227C3800D4B013 /* CoreLocation.framework in Frameworks */ = {isa = PBXBuildFile; fileRef = BAFB9B151A227C3800D4B013 /* CoreLocation.framework */; };
/* End PBXBuildFile section */

/* Begin PBXContainerItemProxy section */
		BA92EBF01A229BBC00C56EB1 /* PBXContainerItemProxy */ = {
			isa = PBXContainerItemProxy;
			containerPortal = BAFB9AE21A2274FC00D4B013 /* Project object */;
			proxyType = 1;
			remoteGlobalIDString = BA92EBED1A229BBC00C56EB1;
			remoteInfo = "WatchNav Watch App";
		};
		BA92EBF91A229BBC00C56EB1 /* PBXContainerItemProxy */ = {
			isa = PBXContainerItemProxy;
			containerPortal = BAFB9AE21A2274FC00D4B013 /* Project object */;
			proxyType = 1;
			remoteGlobalIDString = BA92EBD81A229BBC00C56EB1;
			remoteInfo = "WatchNav WatchKit Extension";
		};
		BAFB9B041A2274FC00D4B013 /* PBXContainerItemProxy */ = {
			isa = PBXContainerItemProxy;
			containerPortal = BAFB9AE21A2274FC00D4B013 /* Project object */;
			proxyType = 1;
			remoteGlobalIDString = BAFB9AE91A2274FC00D4B013;
			remoteInfo = WatchNav;
		};
/* End PBXContainerItemProxy section */

/* Begin PBXCopyFilesBuildPhase section */
		BA92EC021A229BBC00C56EB1 /* Embed App Extensions */ = {
			isa = PBXCopyFilesBuildPhase;
			buildActionMask = 2147483647;
			dstPath = "";
			dstSubfolderSpec = 13;
			files = (
				BA92EBFB1A229BBC00C56EB1 /* WatchNav WatchKit Extension.appex in Embed App Extensions */,
			);
			name = "Embed App Extensions";
			runOnlyForDeploymentPostprocessing = 0;
		};
/* End PBXCopyFilesBuildPhase section */

/* Begin PBXFileReference section */
		BA92EBD91A229BBC00C56EB1 /* WatchNav WatchKit Extension.appex */ = {isa = PBXFileReference; explicitFileType = "wrapper.app-extension"; includeInIndex = 0; path = "WatchNav WatchKit Extension.appex"; sourceTree = BUILT_PRODUCTS_DIR; };
		BA92EBDB1A229BBC00C56EB1 /* WatchKit.framework */ = {isa = PBXFileReference; lastKnownFileType = wrapper.framework; name = WatchKit.framework; path = System/Library/Frameworks/WatchKit.framework; sourceTree = SDKROOT; };
		BA92EBDF1A229BBC00C56EB1 /* Info.plist */ = {isa = PBXFileReference; lastKnownFileType = text.plist.xml; path = Info.plist; sourceTree = "<group>"; };
		BA92EBE01A229BBC00C56EB1 /* PushNotificationPayload.json */ = {isa = PBXFileReference; lastKnownFileType = text.json; path = PushNotificationPayload.json; sourceTree = "<group>"; };
		BA92EBE11A229BBC00C56EB1 /* InterfaceController.h */ = {isa = PBXFileReference; lastKnownFileType = sourcecode.c.h; path = InterfaceController.h; sourceTree = "<group>"; };
		BA92EBE21A229BBC00C56EB1 /* InterfaceController.m */ = {isa = PBXFileReference; lastKnownFileType = sourcecode.c.objc; path = InterfaceController.m; sourceTree = "<group>"; };
		BA92EBE41A229BBC00C56EB1 /* NotificationController.h */ = {isa = PBXFileReference; lastKnownFileType = sourcecode.c.h; path = NotificationController.h; sourceTree = "<group>"; };
		BA92EBE51A229BBC00C56EB1 /* NotificationController.m */ = {isa = PBXFileReference; lastKnownFileType = sourcecode.c.objc; path = NotificationController.m; sourceTree = "<group>"; };
		BA92EBE71A229BBC00C56EB1 /* GlanceController.h */ = {isa = PBXFileReference; lastKnownFileType = sourcecode.c.h; path = GlanceController.h; sourceTree = "<group>"; };
		BA92EBE81A229BBC00C56EB1 /* GlanceController.m */ = {isa = PBXFileReference; lastKnownFileType = sourcecode.c.objc; path = GlanceController.m; sourceTree = "<group>"; };
		BA92EBEA1A229BBC00C56EB1 /* Images.xcassets */ = {isa = PBXFileReference; lastKnownFileType = folder.assetcatalog; path = Images.xcassets; sourceTree = "<group>"; };
		BA92EBEE1A229BBC00C56EB1 /* WatchNav Watch App.app */ = {isa = PBXFileReference; explicitFileType = wrapper.application; includeInIndex = 0; path = "WatchNav Watch App.app"; sourceTree = BUILT_PRODUCTS_DIR; };
		BA92EBF41A229BBC00C56EB1 /* Info.plist */ = {isa = PBXFileReference; lastKnownFileType = text.plist.xml; path = Info.plist; sourceTree = "<group>"; };
		BA92EBF51A229BBC00C56EB1 /* Interface.storyboard */ = {isa = PBXFileReference; lastKnownFileType = file.storyboard; path = Interface.storyboard; sourceTree = "<group>"; };
		BA92EBF71A229BBC00C56EB1 /* Images.xcassets */ = {isa = PBXFileReference; lastKnownFileType = folder.assetcatalog; path = Images.xcassets; sourceTree = "<group>"; };
		BAA3CEF11A23A83300CE6D20 /* Map-App-big.png */ = {isa = PBXFileReference; lastKnownFileType = image.png; path = "Map-App-big.png"; sourceTree = "<group>"; };
		BAA3CEF31A23A83A00CE6D20 /* Map-App.png */ = {isa = PBXFileReference; lastKnownFileType = image.png; path = "Map-App.png"; sourceTree = "<group>"; };
		BAFB9AEA1A2274FC00D4B013 /* WatchNav.app */ = {isa = PBXFileReference; explicitFileType = wrapper.application; includeInIndex = 0; path = WatchNav.app; sourceTree = BUILT_PRODUCTS_DIR; };
		BAFB9AEE1A2274FC00D4B013 /* Info.plist */ = {isa = PBXFileReference; lastKnownFileType = text.plist.xml; path = Info.plist; sourceTree = "<group>"; };
		BAFB9AEF1A2274FC00D4B013 /* main.m */ = {isa = PBXFileReference; lastKnownFileType = sourcecode.c.objc; path = main.m; sourceTree = "<group>"; };
		BAFB9AF11A2274FC00D4B013 /* AppDelegate.h */ = {isa = PBXFileReference; lastKnownFileType = sourcecode.c.h; path = AppDelegate.h; sourceTree = "<group>"; };
		BAFB9AF21A2274FC00D4B013 /* AppDelegate.m */ = {isa = PBXFileReference; lastKnownFileType = sourcecode.c.objc; path = AppDelegate.m; sourceTree = "<group>"; };
		BAFB9AF41A2274FC00D4B013 /* ViewController.h */ = {isa = PBXFileReference; lastKnownFileType = sourcecode.c.h; path = ViewController.h; sourceTree = "<group>"; };
		BAFB9AF51A2274FC00D4B013 /* ViewController.m */ = {isa = PBXFileReference; lastKnownFileType = sourcecode.c.objc; path = ViewController.m; sourceTree = "<group>"; };
		BAFB9AF81A2274FC00D4B013 /* Base */ = {isa = PBXFileReference; lastKnownFileType = file.storyboard; name = Base; path = Base.lproj/Main.storyboard; sourceTree = "<group>"; };
		BAFB9AFA1A2274FC00D4B013 /* Images.xcassets */ = {isa = PBXFileReference; lastKnownFileType = folder.assetcatalog; path = Images.xcassets; sourceTree = "<group>"; };
		BAFB9AFD1A2274FC00D4B013 /* Base */ = {isa = PBXFileReference; lastKnownFileType = file.xib; name = Base; path = Base.lproj/LaunchScreen.xib; sourceTree = "<group>"; };
		BAFB9B031A2274FC00D4B013 /* WatchNavTests.xctest */ = {isa = PBXFileReference; explicitFileType = wrapper.cfbundle; includeInIndex = 0; path = WatchNavTests.xctest; sourceTree = BUILT_PRODUCTS_DIR; };
		BAFB9B081A2274FC00D4B013 /* Info.plist */ = {isa = PBXFileReference; lastKnownFileType = text.plist.xml; path = Info.plist; sourceTree = "<group>"; };
		BAFB9B091A2274FC00D4B013 /* WatchNavTests.m */ = {isa = PBXFileReference; lastKnownFileType = sourcecode.c.objc; path = WatchNavTests.m; sourceTree = "<group>"; };
		BAFB9B131A227C3200D4B013 /* MapKit.framework */ = {isa = PBXFileReference; lastKnownFileType = wrapper.framework; name = MapKit.framework; path = System/Library/Frameworks/MapKit.framework; sourceTree = SDKROOT; };
		BAFB9B151A227C3800D4B013 /* CoreLocation.framework */ = {isa = PBXFileReference; lastKnownFileType = wrapper.framework; name = CoreLocation.framework; path = System/Library/Frameworks/CoreLocation.framework; sourceTree = SDKROOT; };
/* End PBXFileReference section */

/* Begin PBXFrameworksBuildPhase section */
		BA92EBD61A229BBC00C56EB1 /* Frameworks */ = {
			isa = PBXFrameworksBuildPhase;
			buildActionMask = 2147483647;
			files = (
				BA92EBDC1A229BBC00C56EB1 /* WatchKit.framework in Frameworks */,
			);
			runOnlyForDeploymentPostprocessing = 0;
		};
		BAFB9AE71A2274FC00D4B013 /* Frameworks */ = {
			isa = PBXFrameworksBuildPhase;
			buildActionMask = 2147483647;
			files = (
				BAFB9B161A227C3800D4B013 /* CoreLocation.framework in Frameworks */,
				BAFB9B141A227C3200D4B013 /* MapKit.framework in Frameworks */,
			);
			runOnlyForDeploymentPostprocessing = 0;
		};
		BAFB9B001A2274FC00D4B013 /* Frameworks */ = {
			isa = PBXFrameworksBuildPhase;
			buildActionMask = 2147483647;
			files = (
			);
			runOnlyForDeploymentPostprocessing = 0;
		};
/* End PBXFrameworksBuildPhase section */

/* Begin PBXGroup section */
		BA92EBDA1A229BBC00C56EB1 /* Frameworks */ = {
			isa = PBXGroup;
			children = (
				BA92EBDB1A229BBC00C56EB1 /* WatchKit.framework */,
			);
			name = Frameworks;
			sourceTree = "<group>";
		};
		BA92EBDD1A229BBC00C56EB1 /* WatchNav WatchKit Extension */ = {
			isa = PBXGroup;
			children = (
				BA92EBE11A229BBC00C56EB1 /* InterfaceController.h */,
				BA92EBE21A229BBC00C56EB1 /* InterfaceController.m */,
				BA92EBE41A229BBC00C56EB1 /* NotificationController.h */,
				BA92EBE51A229BBC00C56EB1 /* NotificationController.m */,
				BA92EBE71A229BBC00C56EB1 /* GlanceController.h */,
				BA92EBE81A229BBC00C56EB1 /* GlanceController.m */,
				BA92EBEA1A229BBC00C56EB1 /* Images.xcassets */,
				BA92EBDE1A229BBC00C56EB1 /* Supporting Files */,
			);
			path = "WatchNav WatchKit Extension";
			sourceTree = "<group>";
		};
		BA92EBDE1A229BBC00C56EB1 /* Supporting Files */ = {
			isa = PBXGroup;
			children = (
				BA92EBDF1A229BBC00C56EB1 /* Info.plist */,
				BA92EBE01A229BBC00C56EB1 /* PushNotificationPayload.json */,
			);
			name = "Supporting Files";
			sourceTree = "<group>";
		};
		BA92EBF21A229BBC00C56EB1 /* WatchNav Watch App */ = {
			isa = PBXGroup;
			children = (
				BA92EBF51A229BBC00C56EB1 /* Interface.storyboard */,
				BA92EBF71A229BBC00C56EB1 /* Images.xcassets */,
				BA92EBF31A229BBC00C56EB1 /* Supporting Files */,
			);
			path = "WatchNav Watch App";
			sourceTree = "<group>";
		};
		BA92EBF31A229BBC00C56EB1 /* Supporting Files */ = {
			isa = PBXGroup;
			children = (
				BA92EBF41A229BBC00C56EB1 /* Info.plist */,
			);
			name = "Supporting Files";
			sourceTree = "<group>";
		};
		BAFB9AE11A2274FC00D4B013 = {
			isa = PBXGroup;
			children = (
				BAFB9B151A227C3800D4B013 /* CoreLocation.framework */,
				BAFB9B131A227C3200D4B013 /* MapKit.framework */,
				BAFB9AEC1A2274FC00D4B013 /* WatchNav */,
				BAFB9B061A2274FC00D4B013 /* WatchNavTests */,
				BA92EBDD1A229BBC00C56EB1 /* WatchNav WatchKit Extension */,
				BA92EBF21A229BBC00C56EB1 /* WatchNav Watch App */,
				BA92EBDA1A229BBC00C56EB1 /* Frameworks */,
				BAFB9AEB1A2274FC00D4B013 /* Products */,
			);
			sourceTree = "<group>";
		};
		BAFB9AEB1A2274FC00D4B013 /* Products */ = {
			isa = PBXGroup;
			children = (
				BAFB9AEA1A2274FC00D4B013 /* WatchNav.app */,
				BAFB9B031A2274FC00D4B013 /* WatchNavTests.xctest */,
				BA92EBD91A229BBC00C56EB1 /* WatchNav WatchKit Extension.appex */,
				BA92EBEE1A229BBC00C56EB1 /* WatchNav Watch App.app */,
			);
			name = Products;
			sourceTree = "<group>";
		};
		BAFB9AEC1A2274FC00D4B013 /* WatchNav */ = {
			isa = PBXGroup;
			children = (
				BAFB9AF11A2274FC00D4B013 /* AppDelegate.h */,
				BAFB9AF21A2274FC00D4B013 /* AppDelegate.m */,
				BAFB9AF41A2274FC00D4B013 /* ViewController.h */,
				BAFB9AF51A2274FC00D4B013 /* ViewController.m */,
				BAFB9AF71A2274FC00D4B013 /* Main.storyboard */,
				BAFB9AFA1A2274FC00D4B013 /* Images.xcassets */,
				BAFB9AFC1A2274FC00D4B013 /* LaunchScreen.xib */,
				BAFB9AED1A2274FC00D4B013 /* Supporting Files */,
			);
			path = WatchNav;
			sourceTree = "<group>";
		};
		BAFB9AED1A2274FC00D4B013 /* Supporting Files */ = {
			isa = PBXGroup;
			children = (
				BAA3CEF31A23A83A00CE6D20 /* Map-App.png */,
				BAA3CEF11A23A83300CE6D20 /* Map-App-big.png */,
				BAFB9AEE1A2274FC00D4B013 /* Info.plist */,
				BAFB9AEF1A2274FC00D4B013 /* main.m */,
			);
			name = "Supporting Files";
			sourceTree = "<group>";
		};
		BAFB9B061A2274FC00D4B013 /* WatchNavTests */ = {
			isa = PBXGroup;
			children = (
				BAFB9B091A2274FC00D4B013 /* WatchNavTests.m */,
				BAFB9B071A2274FC00D4B013 /* Supporting Files */,
			);
			path = WatchNavTests;
			sourceTree = "<group>";
		};
		BAFB9B071A2274FC00D4B013 /* Supporting Files */ = {
			isa = PBXGroup;
			children = (
				BAFB9B081A2274FC00D4B013 /* Info.plist */,
			);
			name = "Supporting Files";
			sourceTree = "<group>";
		};
/* End PBXGroup section */

/* Begin PBXNativeTarget section */
		BA92EBD81A229BBC00C56EB1 /* WatchNav WatchKit Extension */ = {
			isa = PBXNativeTarget;
			buildConfigurationList = BA92EC011A229BBC00C56EB1 /* Build configuration list for PBXNativeTarget "WatchNav WatchKit Extension" */;
			buildPhases = (
				BA92EBD51A229BBC00C56EB1 /* Sources */,
				BA92EBD61A229BBC00C56EB1 /* Frameworks */,
				BA92EBD71A229BBC00C56EB1 /* Resources */,
			);
			buildRules = (
			);
			dependencies = (
				BA92EBF11A229BBC00C56EB1 /* PBXTargetDependency */,
			);
			name = "WatchNav WatchKit Extension";
			productName = "WatchNav WatchKit Extension";
			productReference = BA92EBD91A229BBC00C56EB1 /* WatchNav WatchKit Extension.appex */;
			productType = "com.apple.product-type.watchkit-extension";
		};
		BA92EBED1A229BBC00C56EB1 /* WatchNav Watch App */ = {
			isa = PBXNativeTarget;
			buildConfigurationList = BA92EC001A229BBC00C56EB1 /* Build configuration list for PBXNativeTarget "WatchNav Watch App" */;
			buildPhases = (
				BA92EBEC1A229BBC00C56EB1 /* Resources */,
			);
			buildRules = (
			);
			dependencies = (
			);
			name = "WatchNav Watch App";
			productName = "WatchNav Watch App";
			productReference = BA92EBEE1A229BBC00C56EB1 /* WatchNav Watch App.app */;
			productType = "com.apple.product-type.application.watchapp";
		};
		BAFB9AE91A2274FC00D4B013 /* WatchNav */ = {
			isa = PBXNativeTarget;
			buildConfigurationList = BAFB9B0D1A2274FC00D4B013 /* Build configuration list for PBXNativeTarget "WatchNav" */;
			buildPhases = (
				BAFB9AE61A2274FC00D4B013 /* Sources */,
				BAFB9AE71A2274FC00D4B013 /* Frameworks */,
				BAFB9AE81A2274FC00D4B013 /* Resources */,
				BA92EC021A229BBC00C56EB1 /* Embed App Extensions */,
			);
			buildRules = (
			);
			dependencies = (
				BA92EBFA1A229BBC00C56EB1 /* PBXTargetDependency */,
			);
			name = WatchNav;
			productName = WatchNav;
			productReference = BAFB9AEA1A2274FC00D4B013 /* WatchNav.app */;
			productType = "com.apple.product-type.application";
		};
		BAFB9B021A2274FC00D4B013 /* WatchNavTests */ = {
			isa = PBXNativeTarget;
			buildConfigurationList = BAFB9B101A2274FC00D4B013 /* Build configuration list for PBXNativeTarget "WatchNavTests" */;
			buildPhases = (
				BAFB9AFF1A2274FC00D4B013 /* Sources */,
				BAFB9B001A2274FC00D4B013 /* Frameworks */,
				BAFB9B011A2274FC00D4B013 /* Resources */,
			);
			buildRules = (
			);
			dependencies = (
				BAFB9B051A2274FC00D4B013 /* PBXTargetDependency */,
			);
			name = WatchNavTests;
			productName = WatchNavTests;
			productReference = BAFB9B031A2274FC00D4B013 /* WatchNavTests.xctest */;
			productType = "com.apple.product-type.bundle.unit-test";
		};
/* End PBXNativeTarget section */

/* Begin PBXProject section */
		BAFB9AE21A2274FC00D4B013 /* Project object */ = {
			isa = PBXProject;
			attributes = {
				LastUpgradeCheck = 0620;
				ORGANIZATIONNAME = WatchMe;
				TargetAttributes = {
					BA92EBD81A229BBC00C56EB1 = {
						CreatedOnToolsVersion = 6.2;
					};
					BA92EBED1A229BBC00C56EB1 = {
						CreatedOnToolsVersion = 6.2;
					};
					BAFB9AE91A2274FC00D4B013 = {
						CreatedOnToolsVersion = 6.2;
					};
					BAFB9B021A2274FC00D4B013 = {
						CreatedOnToolsVersion = 6.2;
						TestTargetID = BAFB9AE91A2274FC00D4B013;
					};
				};
			};
			buildConfigurationList = BAFB9AE51A2274FC00D4B013 /* Build configuration list for PBXProject "WatchNav" */;
			compatibilityVersion = "Xcode 3.2";
			developmentRegion = English;
			hasScannedForEncodings = 0;
			knownRegions = (
				en,
				Base,
			);
			mainGroup = BAFB9AE11A2274FC00D4B013;
			productRefGroup = BAFB9AEB1A2274FC00D4B013 /* Products */;
			projectDirPath = "";
			projectRoot = "";
			targets = (
				BAFB9AE91A2274FC00D4B013 /* WatchNav */,
				BAFB9B021A2274FC00D4B013 /* WatchNavTests */,
				BA92EBD81A229BBC00C56EB1 /* WatchNav WatchKit Extension */,
				BA92EBED1A229BBC00C56EB1 /* WatchNav Watch App */,
			);
		};
/* End PBXProject section */

/* Begin PBXResourcesBuildPhase section */
		BA92EBD71A229BBC00C56EB1 /* Resources */ = {
			isa = PBXResourcesBuildPhase;
			buildActionMask = 2147483647;
			files = (
				BA92EBEB1A229BBC00C56EB1 /* Images.xcassets in Resources */,
				BA92EBEF1A229BBC00C56EB1 /* WatchNav Watch App.app in Resources */,
			);
			runOnlyForDeploymentPostprocessing = 0;
		};
		BA92EBEC1A229BBC00C56EB1 /* Resources */ = {
			isa = PBXResourcesBuildPhase;
			buildActionMask = 2147483647;
			files = (
				BA92EBF61A229BBC00C56EB1 /* Interface.storyboard in Resources */,
				BA92EBF81A229BBC00C56EB1 /* Images.xcassets in Resources */,
			);
			runOnlyForDeploymentPostprocessing = 0;
		};
		BAFB9AE81A2274FC00D4B013 /* Resources */ = {
			isa = PBXResourcesBuildPhase;
			buildActionMask = 2147483647;
			files = (
				BAFB9AF91A2274FC00D4B013 /* Main.storyboard in Resources */,
				BAA3CEF21A23A83300CE6D20 /* Map-App-big.png in Resources */,
				BAA3CEF41A23A83A00CE6D20 /* Map-App.png in Resources */,
				BAFB9AFE1A2274FC00D4B013 /* LaunchScreen.xib in Resources */,
				BAFB9AFB1A2274FC00D4B013 /* Images.xcassets in Resources */,
			);
			runOnlyForDeploymentPostprocessing = 0;
		};
		BAFB9B011A2274FC00D4B013 /* Resources */ = {
			isa = PBXResourcesBuildPhase;
			buildActionMask = 2147483647;
			files = (
			);
			runOnlyForDeploymentPostprocessing = 0;
		};
/* End PBXResourcesBuildPhase section */

/* Begin PBXSourcesBuildPhase section */
		BA92EBD51A229BBC00C56EB1 /* Sources */ = {
			isa = PBXSourcesBuildPhase;
			buildActionMask = 2147483647;
			files = (
				BA92EBE61A229BBC00C56EB1 /* NotificationController.m in Sources */,
				BA92EBE31A229BBC00C56EB1 /* InterfaceController.m in Sources */,
				BA92EBE91A229BBC00C56EB1 /* GlanceController.m in Sources */,
			);
			runOnlyForDeploymentPostprocessing = 0;
		};
		BAFB9AE61A2274FC00D4B013 /* Sources */ = {
			isa = PBXSourcesBuildPhase;
			buildActionMask = 2147483647;
			files = (
				BAFB9AF61A2274FC00D4B013 /* ViewController.m in Sources */,
				BAFB9AF31A2274FC00D4B013 /* AppDelegate.m in Sources */,
				BAFB9AF01A2274FC00D4B013 /* main.m in Sources */,
			);
			runOnlyForDeploymentPostprocessing = 0;
		};
		BAFB9AFF1A2274FC00D4B013 /* Sources */ = {
			isa = PBXSourcesBuildPhase;
			buildActionMask = 2147483647;
			files = (
				BAFB9B0A1A2274FC00D4B013 /* WatchNavTests.m in Sources */,
			);
			runOnlyForDeploymentPostprocessing = 0;
		};
/* End PBXSourcesBuildPhase section */

/* Begin PBXTargetDependency section */
		BA92EBF11A229BBC00C56EB1 /* PBXTargetDependency */ = {
			isa = PBXTargetDependency;
			target = BA92EBED1A229BBC00C56EB1 /* WatchNav Watch App */;
			targetProxy = BA92EBF01A229BBC00C56EB1 /* PBXContainerItemProxy */;
		};
		BA92EBFA1A229BBC00C56EB1 /* PBXTargetDependency */ = {
			isa = PBXTargetDependency;
			target = BA92EBD81A229BBC00C56EB1 /* WatchNav WatchKit Extension */;
			targetProxy = BA92EBF91A229BBC00C56EB1 /* PBXContainerItemProxy */;
		};
		BAFB9B051A2274FC00D4B013 /* PBXTargetDependency */ = {
			isa = PBXTargetDependency;
			target = BAFB9AE91A2274FC00D4B013 /* WatchNav */;
			targetProxy = BAFB9B041A2274FC00D4B013 /* PBXContainerItemProxy */;
		};
/* End PBXTargetDependency section */

/* Begin PBXVariantGroup section */
		BAFB9AF71A2274FC00D4B013 /* Main.storyboard */ = {
			isa = PBXVariantGroup;
			children = (
				BAFB9AF81A2274FC00D4B013 /* Base */,
			);
			name = Main.storyboard;
			sourceTree = "<group>";
		};
		BAFB9AFC1A2274FC00D4B013 /* LaunchScreen.xib */ = {
			isa = PBXVariantGroup;
			children = (
				BAFB9AFD1A2274FC00D4B013 /* Base */,
			);
			name = LaunchScreen.xib;
			sourceTree = "<group>";
		};
/* End PBXVariantGroup section */

/* Begin XCBuildConfiguration section */
		BA92EBFC1A229BBC00C56EB1 /* Debug */ = {
			isa = XCBuildConfiguration;
			buildSettings = {
				GCC_PREPROCESSOR_DEFINITIONS = (
					"DEBUG=1",
					"$(inherited)",
				);
				INFOPLIST_FILE = "WatchNav WatchKit Extension/Info.plist";
				LD_RUNPATH_SEARCH_PATHS = "$(inherited) @executable_path/Frameworks @executable_path/../../Frameworks";
				PRODUCT_NAME = "${TARGET_NAME}";
				SKIP_INSTALL = YES;
			};
			name = Debug;
		};
		BA92EBFD1A229BBC00C56EB1 /* Release */ = {
			isa = XCBuildConfiguration;
			buildSettings = {
				INFOPLIST_FILE = "WatchNav WatchKit Extension/Info.plist";
				LD_RUNPATH_SEARCH_PATHS = "$(inherited) @executable_path/Frameworks @executable_path/../../Frameworks";
				PRODUCT_NAME = "${TARGET_NAME}";
				SKIP_INSTALL = YES;
			};
			name = Release;
		};
		BA92EBFE1A229BBC00C56EB1 /* Debug */ = {
			isa = XCBuildConfiguration;
			buildSettings = {
				ASSETCATALOG_COMPILER_APPICON_NAME = AppIcon;
				ASSETCATALOG_COMPILER_LAUNCHIMAGE_NAME = LaunchImage;
				GCC_PREPROCESSOR_DEFINITIONS = (
					"DEBUG=1",
					"$(inherited)",
				);
				IBSC_MODULE = WatchNav_WatchKit_Extension;
				INFOPLIST_FILE = "WatchNav Watch App/Info.plist";
				PRODUCT_NAME = "$(TARGET_NAME)";
				SKIP_INSTALL = YES;
				TARGETED_DEVICE_FAMILY = 4;
				"TARGETED_DEVICE_FAMILY[sdk=iphonesimulator*]" = "1,4";
			};
			name = Debug;
		};
		BA92EBFF1A229BBC00C56EB1 /* Release */ = {
			isa = XCBuildConfiguration;
			buildSettings = {
				ASSETCATALOG_COMPILER_APPICON_NAME = AppIcon;
				ASSETCATALOG_COMPILER_LAUNCHIMAGE_NAME = LaunchImage;
				IBSC_MODULE = WatchNav_WatchKit_Extension;
				INFOPLIST_FILE = "WatchNav Watch App/Info.plist";
				PRODUCT_NAME = "$(TARGET_NAME)";
				SKIP_INSTALL = YES;
				TARGETED_DEVICE_FAMILY = 4;
				"TARGETED_DEVICE_FAMILY[sdk=iphonesimulator*]" = "1,4";
			};
			name = Release;
		};
		BAFB9B0B1A2274FC00D4B013 /* Debug */ = {
			isa = XCBuildConfiguration;
			buildSettings = {
				ALWAYS_SEARCH_USER_PATHS = NO;
				CLANG_CXX_LANGUAGE_STANDARD = "gnu++0x";
				CLANG_CXX_LIBRARY = "libc++";
				CLANG_ENABLE_MODULES = YES;
				CLANG_ENABLE_OBJC_ARC = YES;
				CLANG_WARN_BOOL_CONVERSION = YES;
				CLANG_WARN_CONSTANT_CONVERSION = YES;
				CLANG_WARN_DIRECT_OBJC_ISA_USAGE = YES_ERROR;
				CLANG_WARN_EMPTY_BODY = YES;
				CLANG_WARN_ENUM_CONVERSION = YES;
				CLANG_WARN_INT_CONVERSION = YES;
				CLANG_WARN_OBJC_ROOT_CLASS = YES_ERROR;
				CLANG_WARN_UNREACHABLE_CODE = YES;
				CLANG_WARN__DUPLICATE_METHOD_MATCH = YES;
				"CODE_SIGN_IDENTITY[sdk=iphoneos*]" = "iPhone Developer";
				COPY_PHASE_STRIP = NO;
				ENABLE_STRICT_OBJC_MSGSEND = YES;
				GCC_C_LANGUAGE_STANDARD = gnu99;
				GCC_DYNAMIC_NO_PIC = NO;
				GCC_OPTIMIZATION_LEVEL = 0;
				GCC_PREPROCESSOR_DEFINITIONS = (
					"DEBUG=1",
					"$(inherited)",
				);
				GCC_SYMBOLS_PRIVATE_EXTERN = NO;
				GCC_WARN_64_TO_32_BIT_CONVERSION = YES;
				GCC_WARN_ABOUT_RETURN_TYPE = YES_ERROR;
				GCC_WARN_UNDECLARED_SELECTOR = YES;
				GCC_WARN_UNINITIALIZED_AUTOS = YES_AGGRESSIVE;
				GCC_WARN_UNUSED_FUNCTION = YES;
				GCC_WARN_UNUSED_VARIABLE = YES;
				IPHONEOS_DEPLOYMENT_TARGET = 8.2;
				MTL_ENABLE_DEBUG_INFO = YES;
				ONLY_ACTIVE_ARCH = YES;
				SDKROOT = iphoneos;
				TARGETED_DEVICE_FAMILY = "1,2";
			};
			name = Debug;
		};
		BAFB9B0C1A2274FC00D4B013 /* Release */ = {
			isa = XCBuildConfiguration;
			buildSettings = {
				ALWAYS_SEARCH_USER_PATHS = NO;
				CLANG_CXX_LANGUAGE_STANDARD = "gnu++0x";
				CLANG_CXX_LIBRARY = "libc++";
				CLANG_ENABLE_MODULES = YES;
				CLANG_ENABLE_OBJC_ARC = YES;
				CLANG_WARN_BOOL_CONVERSION = YES;
				CLANG_WARN_CONSTANT_CONVERSION = YES;
				CLANG_WARN_DIRECT_OBJC_ISA_USAGE = YES_ERROR;
				CLANG_WARN_EMPTY_BODY = YES;
				CLANG_WARN_ENUM_CONVERSION = YES;
				CLANG_WARN_INT_CONVERSION = YES;
				CLANG_WARN_OBJC_ROOT_CLASS = YES_ERROR;
				CLANG_WARN_UNREACHABLE_CODE = YES;
				CLANG_WARN__DUPLICATE_METHOD_MATCH = YES;
				"CODE_SIGN_IDENTITY[sdk=iphoneos*]" = "iPhone Developer";
				COPY_PHASE_STRIP = YES;
				ENABLE_NS_ASSERTIONS = NO;
				ENABLE_STRICT_OBJC_MSGSEND = YES;
				GCC_C_LANGUAGE_STANDARD = gnu99;
				GCC_WARN_64_TO_32_BIT_CONVERSION = YES;
				GCC_WARN_ABOUT_RETURN_TYPE = YES_ERROR;
				GCC_WARN_UNDECLARED_SELECTOR = YES;
				GCC_WARN_UNINITIALIZED_AUTOS = YES_AGGRESSIVE;
				GCC_WARN_UNUSED_FUNCTION = YES;
				GCC_WARN_UNUSED_VARIABLE = YES;
				IPHONEOS_DEPLOYMENT_TARGET = 8.2;
				MTL_ENABLE_DEBUG_INFO = NO;
				SDKROOT = iphoneos;
				TARGETED_DEVICE_FAMILY = "1,2";
				VALIDATE_PRODUCT = YES;
			};
			name = Release;
		};
		BAFB9B0E1A2274FC00D4B013 /* Debug */ = {
			isa = XCBuildConfiguration;
			buildSettings = {
				ASSETCATALOG_COMPILER_APPICON_NAME = AppIcon;
				INFOPLIST_FILE = WatchNav/Info.plist;
				LD_RUNPATH_SEARCH_PATHS = "$(inherited) @executable_path/Frameworks";
				PRODUCT_NAME = "$(TARGET_NAME)";
			};
			name = Debug;
		};
		BAFB9B0F1A2274FC00D4B013 /* Release */ = {
			isa = XCBuildConfiguration;
			buildSettings = {
				ASSETCATALOG_COMPILER_APPICON_NAME = AppIcon;
				INFOPLIST_FILE = WatchNav/Info.plist;
				LD_RUNPATH_SEARCH_PATHS = "$(inherited) @executable_path/Frameworks";
				PRODUCT_NAME = "$(TARGET_NAME)";
			};
			name = Release;
		};
		BAFB9B111A2274FC00D4B013 /* Debug */ = {
			isa = XCBuildConfiguration;
			buildSettings = {
				BUNDLE_LOADER = "$(TEST_HOST)";
				FRAMEWORK_SEARCH_PATHS = (
					"$(SDKROOT)/Developer/Library/Frameworks",
					"$(inherited)",
				);
				GCC_PREPROCESSOR_DEFINITIONS = (
					"DEBUG=1",
					"$(inherited)",
				);
				INFOPLIST_FILE = WatchNavTests/Info.plist;
				LD_RUNPATH_SEARCH_PATHS = "$(inherited) @executable_path/Frameworks @loader_path/Frameworks";
				PRODUCT_NAME = "$(TARGET_NAME)";
				TEST_HOST = "$(BUILT_PRODUCTS_DIR)/WatchNav.app/WatchNav";
			};
			name = Debug;
		};
		BAFB9B121A2274FC00D4B013 /* Release */ = {
			isa = XCBuildConfiguration;
			buildSettings = {
				BUNDLE_LOADER = "$(TEST_HOST)";
				FRAMEWORK_SEARCH_PATHS = (
					"$(SDKROOT)/Developer/Library/Frameworks",
					"$(inherited)",
				);
				INFOPLIST_FILE = WatchNavTests/Info.plist;
				LD_RUNPATH_SEARCH_PATHS = "$(inherited) @executable_path/Frameworks @loader_path/Frameworks";
				PRODUCT_NAME = "$(TARGET_NAME)";
				TEST_HOST = "$(BUILT_PRODUCTS_DIR)/WatchNav.app/WatchNav";
			};
			name = Release;
		};
/* End XCBuildConfiguration section */

/* Begin XCConfigurationList section */
		BA92EC001A229BBC00C56EB1 /* Build configuration list for PBXNativeTarget "WatchNav Watch App" */ = {
			isa = XCConfigurationList;
			buildConfigurations = (
				BA92EBFE1A229BBC00C56EB1 /* Debug */,
				BA92EBFF1A229BBC00C56EB1 /* Release */,
			);
			defaultConfigurationIsVisible = 0;
			defaultConfigurationName = Release;
		};
		BA92EC011A229BBC00C56EB1 /* Build configuration list for PBXNativeTarget "WatchNav WatchKit Extension" */ = {
			isa = XCConfigurationList;
			buildConfigurations = (
				BA92EBFC1A229BBC00C56EB1 /* Debug */,
				BA92EBFD1A229BBC00C56EB1 /* Release */,
			);
			defaultConfigurationIsVisible = 0;
			defaultConfigurationName = Release;
		};
		BAFB9AE51A2274FC00D4B013 /* Build configuration list for PBXProject "WatchNav" */ = {
			isa = XCConfigurationList;
			buildConfigurations = (
				BAFB9B0B1A2274FC00D4B013 /* Debug */,
				BAFB9B0C1A2274FC00D4B013 /* Release */,
			);
			defaultConfigurationIsVisible = 0;
			defaultConfigurationName = Release;
		};
		BAFB9B0D1A2274FC00D4B013 /* Build configuration list for PBXNativeTarget "WatchNav" */ = {
			isa = XCConfigurationList;
			buildConfigurations = (
				BAFB9B0E1A2274FC00D4B013 /* Debug */,
				BAFB9B0F1A2274FC00D4B013 /* Release */,
			);
			defaultConfigurationIsVisible = 0;
			defaultConfigurationName = Release;
		};
		BAFB9B101A2274FC00D4B013 /* Build configuration list for PBXNativeTarget "WatchNavTests" */ = {
			isa = XCConfigurationList;
			buildConfigurations = (
				BAFB9B111A2274FC00D4B013 /* Debug */,
				BAFB9B121A2274FC00D4B013 /* Release */,
			);
			defaultConfigurationIsVisible = 0;
			defaultConfigurationName = Release;
		};
/* End XCConfigurationList section */
	};
	rootObject = BAFB9AE21A2274FC00D4B013 /* Project object */;
}
